
Microsoft Visual Studio Solution File, Format Version 12.00
# Visual Studio Version 17
VisualStudioVersion = 17.7.34024.191
MinimumVisualStudioVersion = 10.0.40219.1
Project("{9A19103F-16F7-4668-BE54-9A1E7A4F7556}") = "CatchMeWinFormsApp", "BallGamesWinFormsApp\CatchMeWinFormsApp.csproj", "{E230FB73-05D0-44B4-8FC9-C26BB99EBEB7}"
EndProject
Project("{9A19103F-16F7-4668-BE54-9A1E7A4F7556}") = "CatchMeByMouseWinFormsApp", "BallGamesMouseWinFormsApp\CatchMeByMouseWinFormsApp.csproj", "{C138EDA6-3676-4788-8942-EFDE1D2B2231}"
EndProject
Project("{9A19103F-16F7-4668-BE54-9A1E7A4F7556}") = "Common", "Common\Common\Common.csproj", "{0DEBA7D5-EB71-44CC-8BE6-2200B163D60C}"
EndProject
Project("{9A19103F-16F7-4668-BE54-9A1E7A4F7556}") = "BilliardBallsWinFormsApp", "BilliardBallsWinFormsApp\BilliardBallsWinFormsApp.csproj", "{E842D42B-3DDD-46AD-A57D-CA50D086C74C}"
EndProject
Global
	GlobalSection(SolutionConfigurationPlatforms) = preSolution
		Debug|Any CPU = Debug|Any CPU
		Release|Any CPU = Release|Any CPU
	EndGlobalSection
	GlobalSection(ProjectConfigurationPlatforms) = postSolution
		{E230FB73-05D0-44B4-8FC9-C26BB99EBEB7}.Debug|Any CPU.ActiveCfg = Debug|Any CPU
		{E230FB73-05D0-44B4-8FC9-C26BB99EBEB7}.Debug|Any CPU.Build.0 = Debug|Any CPU
		{E230FB73-05D0-44B4-8FC9-C26BB99EBEB7}.Release|Any CPU.ActiveCfg = Release|Any CPU
		{E230FB73-05D0-44B4-8FC9-C26BB99EBEB7}.Release|Any CPU.Build.0 = Release|Any CPU
		{C138EDA6-3676-4788-8942-EFDE1D2B2231}.Debug|Any CPU.ActiveCfg = Debug|Any CPU
		{C138EDA6-3676-4788-8942-EFDE1D2B2231}.Debug|Any CPU.Build.0 = Debug|Any CPU
		{C138EDA6-3676-4788-8942-EFDE1D2B2231}.Release|Any CPU.ActiveCfg = Release|Any CPU
		{C138EDA6-3676-4788-8942-EFDE1D2B2231}.Release|Any CPU.Build.0 = Release|Any CPU
		{0DEBA7D5-EB71-44CC-8BE6-2200B163D60C}.Debug|Any CPU.ActiveCfg = Debug|Any CPU
		{0DEBA7D5-EB71-44CC-8BE6-2200B163D60C}.Debug|Any CPU.Build.0 = Debug|Any CPU
		{0DEBA7D5-EB71-44CC-8BE6-2200B163D60C}.Release|Any CPU.ActiveCfg = Release|Any CPU
		{0DEBA7D5-EB71-44CC-8BE6-2200B163D60C}.Release|Any CPU.Build.0 = Release|Any CPU
		{E842D42B-3DDD-46AD-A57D-CA50D086C74C}.Debug|Any CPU.ActiveCfg = Debug|Any CPU
		{E842D42B-3DDD-46AD-A57D-CA50D086C74C}.Debug|Any CPU.Build.0 = Debug|Any CPU
		{E842D42B-3DDD-46AD-A57D-CA50D086C74C}.Release|Any CPU.ActiveCfg = Release|Any CPU
		{E842D42B-3DDD-46AD-A57D-CA50D086C74C}.Release|Any CPU.Build.0 = Release|Any CPU
	EndGlobalSection
	GlobalSection(SolutionProperties) = preSolution
		HideSolutionNode = FALSE
	EndGlobalSection
	GlobalSection(ExtensibilityGlobals) = postSolution
		SolutionGuid = {FF819DDA-CF72-4B2F-9A50-60CBA1074F60}
	EndGlobalSection
EndGlobal
